<Solution>
  <Project Path="01_MainSubjects/01_MainSubjects.csproj" Id="5c802b3f-0e8c-4f24-a174-c224e1c2cac1" />
  <Project Path="02_Variables/02_Variables.csproj" Id="d6c69b55-bed7-443f-8f5b-55d5f87395f8" />
  <Project Path="03_MakingDecision/03_MakingDecision.csproj" Id="8ae4b4e3-27dd-496b-acb9-d221b3f30013" />
</Solution>
